PODS:
  - AWSCognito (2.16.0):
    - AWSCore (= 2.16.0)
  - AWSCore (2.16.0)
  - AWSLambda (2.16.0):
    - AWSCore (= 2.16.0)
  - Firebase/Auth (5.20.2):
    - Firebase/CoreOnly
    - FirebaseAuth (= 5.4.2)
  - Firebase/CoreOnly (5.20.2):
    - FirebaseCore (= 5.4.1)
  - FirebaseAuth (5.4.2):
    - FirebaseAuthInterop (~> 1.0)
    - FirebaseCore (~> 5.2)
    - GoogleUtilities/Environment (~> 5.2)
    - GTMSessionFetcher/Core (~> 1.1)
  - FirebaseAuthInterop (1.1.0)
  - FirebaseCore (5.4.1):
    - GoogleUtilities/Environment (~> 5.2)
    - GoogleUtilities/Logger (~> 5.2)
  - GoogleUtilities/Environment (5.8.0)
  - GoogleUtilities/Logger (5.8.0):
    - GoogleUtilities/Environment
  - GTMSessionFetcher/Core (1.4.0)

DEPENDENCIES:
  - AWSCognito
  - AWSCore
  - AWSLambda
  - Firebase/Auth

SPEC REPOS:
  trunk:
    - AWSCognito
    - AWSCore
    - AWSLambda
    - Firebase
    - FirebaseAuth
    - FirebaseAuthInterop
    - FirebaseCore
    - GoogleUtilities
    - GTMSessionFetcher

SPEC CHECKSUMS:
  AWSCognito: efaeb576bb94747945762394e75a1b5175ab033c
  AWSCore: 439de29e3423c637a0c475f9ea329262fd2acc67
  AWSLambda: 339d0a1ba1062318a331362614b87cdc1bcf3676
  Firebase: 0c8cf33f266410c61ab3e2265cfa412200351d9c
  FirebaseAuth: dd7bbf03a5aee0eafb3a1aee4d2812bd74bac890
  FirebaseAuthInterop: a0f37ae05833af156e72028f648d313f7e7592e9
  FirebaseCore: f1a9a8be1aee4bf71a2fc0f4096df6788bdfda61
  GoogleUtilities: 04fce34bcd5620c1ee76fb79172105c74a4df335
  GTMSessionFetcher: 6f5c8abbab8a9bce4bb3f057e317728ec6182b10

PODFILE CHECKSUM: f84ae62d7f1e380d2cac61962d75f131e2668276

COCOAPODS: 1.9.2
